
Microsoft Visual Studio Solution File, Format Version 12.00
# Visual Studio 15
VisualStudioVersion = 15.0.28307.329
MinimumVisualStudioVersion = 10.0.40219.1
Project("{F184B08F-C81C-45F6-A57F-5ABD9991F28F}") = "WinterSportsRental", "WinterSportsRental\WinterSportsRental.vbproj", "{B5A40864-F688-4FE4-8DA6-A98B2A04BBD5}"
EndProject
Global
	GlobalSection(SolutionConfigurationPlatforms) = preSolution
		Debug|Any CPU = Debug|Any CPU
		Release|Any CPU = Release|Any CPU
	EndGlobalSection
	GlobalSection(ProjectConfigurationPlatforms) = postSolution
		{B5A40864-F688-4FE4-8DA6-A98B2A04BBD5}.Debug|Any CPU.ActiveCfg = Debug|Any CPU
		{B5A40864-F688-4FE4-8DA6-A98B2A04BBD5}.Debug|Any CPU.Build.0 = Debug|Any CPU
		{B5A40864-F688-4FE4-8DA6-A98B2A04BBD5}.Release|Any CPU.ActiveCfg = Release|Any CPU
		{B5A40864-F688-4FE4-8DA6-A98B2A04BBD5}.Release|Any CPU.Build.0 = Release|Any CPU
	EndGlobalSection
	GlobalSection(SolutionProperties) = preSolution
		HideSolutionNode = FALSE
	EndGlobalSection
	GlobalSection(ExtensibilityGlobals) = postSolution
		SolutionGuid = {D714DA83-AF1D-4B37-99B0-8127B8CBFD1D}
	EndGlobalSection
EndGlobal
